
Microsoft Visual Studio Solution File, Format Version 12.00
# Visual Studio 15
Project("{FAE04EC0-301F-11D3-BF4B-00C04F79EFBC}") = "Metody", "Metody\Metody.csproj", "{023A7345-DC65-4585-8023-76AA3FDA4A4A}"
EndProject
Global
	GlobalSection(SolutionConfigurationPlatforms) = preSolution
		Debug|Any CPU = Debug|Any CPU
		Release|Any CPU = Release|Any CPU
	EndGlobalSection
	GlobalSection(ProjectConfigurationPlatforms) = postSolution
		{023A7345-DC65-4585-8023-76AA3FDA4A4A}.Debug|Any CPU.ActiveCfg = Debug|Any CPU
		{023A7345-DC65-4585-8023-76AA3FDA4A4A}.Debug|Any CPU.Build.0 = Debug|Any CPU
		{023A7345-DC65-4585-8023-76AA3FDA4A4A}.Release|Any CPU.ActiveCfg = Release|Any CPU
		{023A7345-DC65-4585-8023-76AA3FDA4A4A}.Release|Any CPU.Build.0 = Release|Any CPU
	EndGlobalSection
EndGlobal
