
Microsoft Visual Studio Solution File, Format Version 12.00
# Visual Studio 15
Project("{FAE04EC0-301F-11D3-BF4B-00C04F79EFBC}") = "Zadanie_3", "Zadanie_3\Zadanie_3.csproj", "{E11FC217-131E-4680-B603-E5158B08A3A4}"
EndProject
Global
	GlobalSection(SolutionConfigurationPlatforms) = preSolution
		Debug|Any CPU = Debug|Any CPU
		Release|Any CPU = Release|Any CPU
	EndGlobalSection
	GlobalSection(ProjectConfigurationPlatforms) = postSolution
		{E11FC217-131E-4680-B603-E5158B08A3A4}.Debug|Any CPU.ActiveCfg = Debug|Any CPU
		{E11FC217-131E-4680-B603-E5158B08A3A4}.Debug|Any CPU.Build.0 = Debug|Any CPU
		{E11FC217-131E-4680-B603-E5158B08A3A4}.Release|Any CPU.ActiveCfg = Release|Any CPU
		{E11FC217-131E-4680-B603-E5158B08A3A4}.Release|Any CPU.Build.0 = Release|Any CPU
	EndGlobalSection
EndGlobal
