
Microsoft Visual Studio Solution File, Format Version 12.00
# Visual Studio 15
Project("{FAE04EC0-301F-11D3-BF4B-00C04F79EFBC}") = "Zadanie_1_foreach", "Zadanie_1_foreach\Zadanie_1_foreach.csproj", "{C48DE14C-6B2C-47BF-8307-6BE8B66E652F}"
EndProject
Global
	GlobalSection(SolutionConfigurationPlatforms) = preSolution
		Debug|Any CPU = Debug|Any CPU
		Release|Any CPU = Release|Any CPU
	EndGlobalSection
	GlobalSection(ProjectConfigurationPlatforms) = postSolution
		{C48DE14C-6B2C-47BF-8307-6BE8B66E652F}.Debug|Any CPU.ActiveCfg = Debug|Any CPU
		{C48DE14C-6B2C-47BF-8307-6BE8B66E652F}.Debug|Any CPU.Build.0 = Debug|Any CPU
		{C48DE14C-6B2C-47BF-8307-6BE8B66E652F}.Release|Any CPU.ActiveCfg = Release|Any CPU
		{C48DE14C-6B2C-47BF-8307-6BE8B66E652F}.Release|Any CPU.Build.0 = Release|Any CPU
	EndGlobalSection
EndGlobal
