
Microsoft Visual Studio Solution File, Format Version 12.00
# Visual Studio 15
Project("{FAE04EC0-301F-11D3-BF4B-00C04F79EFBC}") = "Kalkulator_prosty", "Kalkulator_prosty\Kalkulator_prosty.csproj", "{9309B48B-1D49-4E91-AC75-199E91164DEC}"
EndProject
Global
	GlobalSection(SolutionConfigurationPlatforms) = preSolution
		Debug|Any CPU = Debug|Any CPU
		Release|Any CPU = Release|Any CPU
	EndGlobalSection
	GlobalSection(ProjectConfigurationPlatforms) = postSolution
		{9309B48B-1D49-4E91-AC75-199E91164DEC}.Debug|Any CPU.ActiveCfg = Debug|Any CPU
		{9309B48B-1D49-4E91-AC75-199E91164DEC}.Debug|Any CPU.Build.0 = Debug|Any CPU
		{9309B48B-1D49-4E91-AC75-199E91164DEC}.Release|Any CPU.ActiveCfg = Release|Any CPU
		{9309B48B-1D49-4E91-AC75-199E91164DEC}.Release|Any CPU.Build.0 = Release|Any CPU
	EndGlobalSection
EndGlobal
